hash: c337bae423ee759b7f28848606c4a514e7bc172627057f60fb6d66f6aa988f89
updated: 2018-03-16T16:36:09.113251122+02:00
imports:
- name: github.com/nfnt/resize
  version: 83c6a9932646f83e3267f353373d47347b6036b2
- name: github.com/pkg/errors
  version: 816c9085562cd7ee03e7f8188a1cfd942858cded
- name: gocv.io/x/gocv
  version: e287c967cda307b2d9e042bfeacac51f854a7020
- name: golang.org/x/image
  version: f3a9b89b59def9194717c1d0bd4c0d08fa1afa7b
  subpackages:
  - bmp
testImports: []
