# This file is autogenerated, do not edit; changes may be undone by the next 'dep ensure'.


[[projects]]
  name = "github.com/esimov/pigo"
  packages = ["core"]
  revision = "3e849b0c233f17ed1f5fc69674445941a5c8bc32"
  version = "v1.0.1"

[[projects]]
  branch = "master"
  name = "github.com/nfnt/resize"
  packages = ["."]
  revision = "83c6a9932646f83e3267f353373d47347b6036b2"

[[projects]]
  name = "github.com/pkg/errors"
  packages = ["."]
  revision = "645ef00459ed84a119197bfb8d8205042c6df63d"
  version = "v0.8.0"

[[projects]]
  branch = "master"
  name = "golang.org/x/image"
  packages = ["bmp"]
  revision = "af66defab954cb421ca110193eed9477c8541e2a"

[solve-meta]
  analyzer-name = "dep"
  analyzer-version = 1
  inputs-digest = "f0838c4263609fc47c23008555dbdcd32c013ea7ac877ddf6f132e1b3ca62018"
  solver-name = "gps-cdcl"
  solver-version = 1
